
Microsoft Visual Studio Solution File, Format Version 12.00
# Visual Studio Version 17
VisualStudioVersion = 17.5.33502.453
MinimumVisualStudioVersion = 10.0.40219.1
Project("{FAE04EC0-301F-11D3-BF4B-00C04F79EFBC}") = "MoodAnalyzerProblem", "MoodAnalyzerProblem\MoodAnalyzerProblem.csproj", "{2693B885-881F-4557-B9FA-898421DFD3BA}"
EndProject
Project("{FAE04EC0-301F-11D3-BF4B-00C04F79EFBC}") = "MoodAnalyserTesting", "MoodAnalyserTesting\MoodAnalyserTesting.csproj", "{E60FFA14-9D64-4AFA-95FC-A3AF15D8F343}"
EndProject
Global
	GlobalSection(SolutionConfigurationPlatforms) = preSolution
		Debug|Any CPU = Debug|Any CPU
		Release|Any CPU = Release|Any CPU
	EndGlobalSection
	GlobalSection(ProjectConfigurationPlatforms) = postSolution
		{2693B885-881F-4557-B9FA-898421DFD3BA}.Debug|Any CPU.ActiveCfg = Debug|Any CPU
		{2693B885-881F-4557-B9FA-898421DFD3BA}.Debug|Any CPU.Build.0 = Debug|Any CPU
		{2693B885-881F-4557-B9FA-898421DFD3BA}.Release|Any CPU.ActiveCfg = Release|Any CPU
		{2693B885-881F-4557-B9FA-898421DFD3BA}.Release|Any CPU.Build.0 = Release|Any CPU
		{E60FFA14-9D64-4AFA-95FC-A3AF15D8F343}.Debug|Any CPU.ActiveCfg = Debug|Any CPU
		{E60FFA14-9D64-4AFA-95FC-A3AF15D8F343}.Debug|Any CPU.Build.0 = Debug|Any CPU
		{E60FFA14-9D64-4AFA-95FC-A3AF15D8F343}.Release|Any CPU.ActiveCfg = Release|Any CPU
		{E60FFA14-9D64-4AFA-95FC-A3AF15D8F343}.Release|Any CPU.Build.0 = Release|Any CPU
	EndGlobalSection
	GlobalSection(SolutionProperties) = preSolution
		HideSolutionNode = FALSE
	EndGlobalSection
	GlobalSection(ExtensibilityGlobals) = postSolution
		SolutionGuid = {2E452A59-CC20-4F08-ABC9-A5F934385664}
	EndGlobalSection
EndGlobal
